// !$*UTF8*$!
{
	archiveVersion = 1;
	classes = {
	};
	objectVersion = 56;
	objects = {

/* Begin PBXBuildFile section */
		8A7B3B532BD214680090AAC0 /* StatusViewController.swift in Sources */ = {isa = PBXBuildFile; fileRef = 8A7B3B522BD214680090AAC0 /* StatusViewController.swift */; };
		8A7B3B552BD214730090AAC0 /* CallViewController.swift in Sources */ = {isa = PBXBuildFile; fileRef = 8A7B3B542BD214730090AAC0 /* CallViewController.swift */; };
		8A7B3B572BD2147E0090AAC0 /* CommunitiesViewController.swift in Sources */ = {isa = PBXBuildFile; fileRef = 8A7B3B562BD2147E0090AAC0 /* CommunitiesViewController.swift */; };
		8A7B3B592BD214940090AAC0 /* ChatViewController.swift in Sources */ = {isa = PBXBuildFile; fileRef = 8A7B3B582BD214940090AAC0 /* ChatViewController.swift */; };
		8A7B3B5B2BD2149D0090AAC0 /* SettingsViewController.swift in Sources */ = {isa = PBXBuildFile; fileRef = 8A7B3B5A2BD2149D0090AAC0 /* SettingsViewController.swift */; };
		8AC959EE2BD563AD00D46CC9 /* WCRootViewController.swift in Sources */ = {isa = PBXBuildFile; fileRef = 8AC959ED2BD563AD00D46CC9 /* WCRootViewController.swift */; };
		8AC959F02BD5809F00D46CC9 /* ChatData.json in Resources */ = {isa = PBXBuildFile; fileRef = 8AC959EF2BD5809E00D46CC9 /* ChatData.json */; };
		8AC959F22BD5887F00D46CC9 /* ChatViewModel.swift in Sources */ = {isa = PBXBuildFile; fileRef = 8AC959F12BD5887F00D46CC9 /* ChatViewModel.swift */; };
		8AC959F42BD58E9200D46CC9 /* WCArchiveTableViewCell.swift in Sources */ = {isa = PBXBuildFile; fileRef = 8AC959F32BD58E9200D46CC9 /* WCArchiveTableViewCell.swift */; };
		8AC959F62BD58ED300D46CC9 /* WCMessageTableViewCell.swift in Sources */ = {isa = PBXBuildFile; fileRef = 8AC959F52BD58ED300D46CC9 /* WCMessageTableViewCell.swift */; };
		8ACB10152BD7687200FF109D /* UIView+Constraints.swift in Sources */ = {isa = PBXBuildFile; fileRef = 8ACB10142BD7687200FF109D /* UIView+Constraints.swift */; };
		FA891F682BD1421700689424 /* AppDelegate.swift in Sources */ = {isa = PBXBuildFile; fileRef = FA891F672BD1421700689424 /* AppDelegate.swift */; };
		FA891F6A2BD1421700689424 /* SceneDelegate.swift in Sources */ = {isa = PBXBuildFile; fileRef = FA891F692BD1421700689424 /* SceneDelegate.swift */; };
		FA891F6F2BD1421700689424 /* Base in Resources */ = {isa = PBXBuildFile; fileRef = FA891F6E2BD1421700689424 /* Base */; };
		FA891F712BD1421900689424 /* Assets.xcassets in Resources */ = {isa = PBXBuildFile; fileRef = FA891F702BD1421900689424 /* Assets.xcassets */; };
		FA891F742BD1421900689424 /* Base in Resources */ = {isa = PBXBuildFile; fileRef = FA891F732BD1421900689424 /* Base */; };
/* End PBXBuildFile section */

/* Begin PBXFileReference section */
		8A7B3B522BD214680090AAC0 /* StatusViewController.swift */ = {isa = PBXFileReference; lastKnownFileType = sourcecode.swift; path = StatusViewController.swift; sourceTree = "<group>"; };
		8A7B3B542BD214730090AAC0 /* CallViewController.swift */ = {isa = PBXFileReference; lastKnownFileType = sourcecode.swift; path = CallViewController.swift; sourceTree = "<group>"; };
		8A7B3B562BD2147E0090AAC0 /* CommunitiesViewController.swift */ = {isa = PBXFileReference; lastKnownFileType = sourcecode.swift; path = CommunitiesViewController.swift; sourceTree = "<group>"; };
		8A7B3B582BD214940090AAC0 /* ChatViewController.swift */ = {isa = PBXFileReference; lastKnownFileType = sourcecode.swift; path = ChatViewController.swift; sourceTree = "<group>"; };
		8A7B3B5A2BD2149D0090AAC0 /* SettingsViewController.swift */ = {isa = PBXFileReference; lastKnownFileType = sourcecode.swift; path = SettingsViewController.swift; sourceTree = "<group>"; };
		8AC959ED2BD563AD00D46CC9 /* WCRootViewController.swift */ = {isa = PBXFileReference; lastKnownFileType = sourcecode.swift; path = WCRootViewController.swift; sourceTree = "<group>"; };
		8AC959EF2BD5809E00D46CC9 /* ChatData.json */ = {isa = PBXFileReference; lastKnownFileType = text.json; path = ChatData.json; sourceTree = "<group>"; xcLanguageSpecificationIdentifier = xcode.lang.json; };
		8AC959F12BD5887F00D46CC9 /* ChatViewModel.swift */ = {isa = PBXFileReference; lastKnownFileType = sourcecode.swift; path = ChatViewModel.swift; sourceTree = "<group>"; };
		8AC959F32BD58E9200D46CC9 /* WCArchiveTableViewCell.swift */ = {isa = PBXFileReference; lastKnownFileType = sourcecode.swift; path = WCArchiveTableViewCell.swift; sourceTree = "<group>"; };
		8AC959F52BD58ED300D46CC9 /* WCMessageTableViewCell.swift */ = {isa = PBXFileReference; lastKnownFileType = sourcecode.swift; path = WCMessageTableViewCell.swift; sourceTree = "<group>"; };
		8ACB10142BD7687200FF109D /* UIView+Constraints.swift */ = {isa = PBXFileReference; lastKnownFileType = sourcecode.swift; path = "UIView+Constraints.swift"; sourceTree = "<group>"; };
		FA891F642BD1421700689424 /* WeChat.app */ = {isa = PBXFileReference; explicitFileType = wrapper.application; includeInIndex = 0; path = WeChat.app; sourceTree = BUILT_PRODUCTS_DIR; };
		FA891F672BD1421700689424 /* AppDelegate.swift */ = {isa = PBXFileReference; lastKnownFileType = sourcecode.swift; path = AppDelegate.swift; sourceTree = "<group>"; };
		FA891F692BD1421700689424 /* SceneDelegate.swift */ = {isa = PBXFileReference; lastKnownFileType = sourcecode.swift; path = SceneDelegate.swift; sourceTree = "<group>"; };
		FA891F6E2BD1421700689424 /* Base */ = {isa = PBXFileReference; lastKnownFileType = file.storyboard; name = Base; path = Base.lproj/Main.storyboard; sourceTree = "<group>"; };
		FA891F702BD1421900689424 /* Assets.xcassets */ = {isa = PBXFileReference; lastKnownFileType = folder.assetcatalog; path = Assets.xcassets; sourceTree = "<group>"; };
		FA891F732BD1421900689424 /* Base */ = {isa = PBXFileReference; lastKnownFileType = file.storyboard; name = Base; path = Base.lproj/LaunchScreen.storyboard; sourceTree = "<group>"; };
		FA891F752BD1421900689424 /* Info.plist */ = {isa = PBXFileReference; lastKnownFileType = text.plist.xml; path = Info.plist; sourceTree = "<group>"; };
/* End PBXFileReference section */

/* Begin PBXFrameworksBuildPhase section */
		FA891F612BD1421700689424 /* Frameworks */ = {
			isa = PBXFrameworksBuildPhase;
			buildActionMask = 2147483647;
			files = (
			);
			runOnlyForDeploymentPostprocessing = 0;
		};
/* End PBXFrameworksBuildPhase section */

/* Begin PBXGroup section */
		8A7B3B4D2BD2142E0090AAC0 /* Status */ = {
			isa = PBXGroup;
			children = (
				8A7B3B522BD214680090AAC0 /* StatusViewController.swift */,
			);
			name = Status;
			sourceTree = "<group>";
		};
		8A7B3B4E2BD214360090AAC0 /* Call */ = {
			isa = PBXGroup;
			children = (
				8A7B3B542BD214730090AAC0 /* CallViewController.swift */,
			);
			name = Call;
			sourceTree = "<group>";
		};
		8A7B3B4F2BD2144B0090AAC0 /* Communities */ = {
			isa = PBXGroup;
			children = (
				8A7B3B562BD2147E0090AAC0 /* CommunitiesViewController.swift */,
			);
			name = Communities;
			sourceTree = "<group>";
		};
		8A7B3B502BD214510090AAC0 /* Chat */ = {
			isa = PBXGroup;
			children = (
				8A7B3B582BD214940090AAC0 /* ChatViewController.swift */,
				8AC959F32BD58E9200D46CC9 /* WCArchiveTableViewCell.swift */,
				8AC959F52BD58ED300D46CC9 /* WCMessageTableViewCell.swift */,
				8AC959F12BD5887F00D46CC9 /* ChatViewModel.swift */,
				8AC959EF2BD5809E00D46CC9 /* ChatData.json */,
			);
			name = Chat;
			sourceTree = "<group>";
		};
		8A7B3B512BD214560090AAC0 /* Settings */ = {
			isa = PBXGroup;
			children = (
				8A7B3B5A2BD2149D0090AAC0 /* SettingsViewController.swift */,
			);
			name = Settings;
			sourceTree = "<group>";
		};
		FA891F5B2BD1421700689424 = {
			isa = PBXGroup;
			children = (
				FA891F662BD1421700689424 /* WeChat */,
				FA891F652BD1421700689424 /* Products */,
			);
			sourceTree = "<group>";
		};
		FA891F652BD1421700689424 /* Products */ = {
			isa = PBXGroup;
			children = (
				FA891F642BD1421700689424 /* WeChat.app */,
			);
			name = Products;
			sourceTree = "<group>";
		};
		FA891F662BD1421700689424 /* WeChat */ = {
			isa = PBXGroup;
			children = (
				8ACB10142BD7687200FF109D /* UIView+Constraints.swift */,
				8A7B3B512BD214560090AAC0 /* Settings */,
				8A7B3B502BD214510090AAC0 /* Chat */,
				8A7B3B4F2BD2144B0090AAC0 /* Communities */,
				8A7B3B4E2BD214360090AAC0 /* Call */,
				8A7B3B4D2BD2142E0090AAC0 /* Status */,
				FA891F672BD1421700689424 /* AppDelegate.swift */,
				FA891F692BD1421700689424 /* SceneDelegate.swift */,
				8AC959ED2BD563AD00D46CC9 /* WCRootViewController.swift */,
				FA891F6D2BD1421700689424 /* Main.storyboard */,
				FA891F702BD1421900689424 /* Assets.xcassets */,
				FA891F722BD1421900689424 /* LaunchScreen.storyboard */,
				FA891F752BD1421900689424 /* Info.plist */,
			);
			path = WeChat;
			sourceTree = "<group>";
		};
/* End PBXGroup section */

/* Begin PBXNativeTarget section */
		FA891F632BD1421700689424 /* WeChat */ = {
			isa = PBXNativeTarget;
			buildConfigurationList = FA891F782BD1421900689424 /* Build configuration list for PBXNativeTarget "WeChat" */;
			buildPhases = (
				FA891F602BD1421700689424 /* Sources */,
				FA891F612BD1421700689424 /* Frameworks */,
				FA891F622BD1421700689424 /* Resources */,
			);
			buildRules = (
			);
			dependencies = (
			);
			name = WeChat;
			productName = TabBar;
			productReference = FA891F642BD1421700689424 /* WeChat.app */;
			productType = "com.apple.product-type.application";
		};
/* End PBXNativeTarget section */

/* Begin PBXProject section */
		FA891F5C2BD1421700689424 /* Project object */ = {
			isa = PBXProject;
			attributes = {
				BuildIndependentTargetsInParallel = 1;
				LastSwiftUpdateCheck = 1530;
				LastUpgradeCheck = 1530;
				TargetAttributes = {
					FA891F632BD1421700689424 = {
						CreatedOnToolsVersion = 15.3;
					};
				};
			};
			buildConfigurationList = FA891F5F2BD1421700689424 /* Build configuration list for PBXProject "WeChat" */;
			compatibilityVersion = "Xcode 14.0";
			developmentRegion = en;
			hasScannedForEncodings = 0;
			knownRegions = (
				en,
				Base,
			);
			mainGroup = FA891F5B2BD1421700689424;
			productRefGroup = FA891F652BD1421700689424 /* Products */;
			projectDirPath = "";
			projectRoot = "";
			targets = (
				FA891F632BD1421700689424 /* WeChat */,
			);
		};
/* End PBXProject section */

/* Begin PBXResourcesBuildPhase section */
		FA891F622BD1421700689424 /* Resources */ = {
			isa = PBXResourcesBuildPhase;
			buildActionMask = 2147483647;
			files = (
				FA891F712BD1421900689424 /* Assets.xcassets in Resources */,
				FA891F742BD1421900689424 /* Base in Resources */,
				8AC959F02BD5809F00D46CC9 /* ChatData.json in Resources */,
				FA891F6F2BD1421700689424 /* Base in Resources */,
			);
			runOnlyForDeploymentPostprocessing = 0;
		};
/* End PBXResourcesBuildPhase section */

/* Begin PBXSourcesBuildPhase section */
		FA891F602BD1421700689424 /* Sources */ = {
			isa = PBXSourcesBuildPhase;
			buildActionMask = 2147483647;
			files = (
				8A7B3B532BD214680090AAC0 /* StatusViewController.swift in Sources */,
				FA891F682BD1421700689424 /* AppDelegate.swift in Sources */,
				8AC959F42BD58E9200D46CC9 /* WCArchiveTableViewCell.swift in Sources */,
				8ACB10152BD7687200FF109D /* UIView+Constraints.swift in Sources */,
				8A7B3B592BD214940090AAC0 /* ChatViewController.swift in Sources */,
				8AC959EE2BD563AD00D46CC9 /* WCRootViewController.swift in Sources */,
				8A7B3B552BD214730090AAC0 /* CallViewController.swift in Sources */,
				8A7B3B572BD2147E0090AAC0 /* CommunitiesViewController.swift in Sources */,
				FA891F6A2BD1421700689424 /* SceneDelegate.swift in Sources */,
				8AC959F22BD5887F00D46CC9 /* ChatViewModel.swift in Sources */,
				8A7B3B5B2BD2149D0090AAC0 /* SettingsViewController.swift in Sources */,
				8AC959F62BD58ED300D46CC9 /* WCMessageTableViewCell.swift in Sources */,
			);
			runOnlyForDeploymentPostprocessing = 0;
		};
/* End PBXSourcesBuildPhase section */

/* Begin PBXVariantGroup section */
		FA891F6D2BD1421700689424 /* Main.storyboard */ = {
			isa = PBXVariantGroup;
			children = (
				FA891F6E2BD1421700689424 /* Base */,
			);
			name = Main.storyboard;
			sourceTree = "<group>";
		};
		FA891F722BD1421900689424 /* LaunchScreen.storyboard */ = {
			isa = PBXVariantGroup;
			children = (
				FA891F732BD1421900689424 /* Base */,
			);
			name = LaunchScreen.storyboard;
			sourceTree = "<group>";
		};
/* End PBXVariantGroup section */

/* Begin XCBuildConfiguration section */
		FA891F762BD1421900689424 /* Debug */ = {
			isa = XCBuildConfiguration;
			buildSettings = {
				ALWAYS_SEARCH_USER_PATHS = NO;
				ASSETCATALOG_COMPILER_GENERATE_SWIFT_ASSET_SYMBOL_EXTENSIONS = YES;
				CLANG_ANALYZER_NONNULL = YES;
				CLANG_ANALYZER_NUMBER_OBJECT_CONVERSION = YES_AGGRESSIVE;
				CLANG_CXX_LANGUAGE_STANDARD = "gnu++20";
				CLANG_ENABLE_MODULES = YES;
				CLANG_ENABLE_OBJC_ARC = YES;
				CLANG_ENABLE_OBJC_WEAK = YES;
				CLANG_WARN_BLOCK_CAPTURE_AUTORELEASING = YES;
				CLANG_WARN_BOOL_CONVERSION = YES;
				CLANG_WARN_COMMA = YES;
				CLANG_WARN_CONSTANT_CONVERSION = YES;
				CLANG_WARN_DEPRECATED_OBJC_IMPLEMENTATIONS = YES;
				CLANG_WARN_DIRECT_OBJC_ISA_USAGE = YES_ERROR;
				CLANG_WARN_DOCUMENTATION_COMMENTS = YES;
				CLANG_WARN_EMPTY_BODY = YES;
				CLANG_WARN_ENUM_CONVERSION = YES;
				CLANG_WARN_INFINITE_RECURSION = YES;
				CLANG_WARN_INT_CONVERSION = YES;
				CLANG_WARN_NON_LITERAL_NULL_CONVERSION = YES;
				CLANG_WARN_OBJC_IMPLICIT_RETAIN_SELF = YES;
				CLANG_WARN_OBJC_LITERAL_CONVERSION = YES;
				CLANG_WARN_OBJC_ROOT_CLASS = YES_ERROR;
				CLANG_WARN_QUOTED_INCLUDE_IN_FRAMEWORK_HEADER = YES;
				CLANG_WARN_RANGE_LOOP_ANALYSIS = YES;
				CLANG_WARN_STRICT_PROTOTYPES = YES;
				CLANG_WARN_SUSPICIOUS_MOVE = YES;
				CLANG_WARN_UNGUARDED_AVAILABILITY = YES_AGGRESSIVE;
				CLANG_WARN_UNREACHABLE_CODE = YES;
				CLANG_WARN__DUPLICATE_METHOD_MATCH = YES;
				COPY_PHASE_STRIP = NO;
				DEBUG_INFORMATION_FORMAT = dwarf;
				ENABLE_STRICT_OBJC_MSGSEND = YES;
				ENABLE_TESTABILITY = YES;
				ENABLE_USER_SCRIPT_SANDBOXING = YES;
				GCC_C_LANGUAGE_STANDARD = gnu17;
				GCC_DYNAMIC_NO_PIC = NO;
				GCC_NO_COMMON_BLOCKS = YES;
				GCC_OPTIMIZATION_LEVEL = 0;
				GCC_PREPROCESSOR_DEFINITIONS = (
					"DEBUG=1",
					"$(inherited)",
				);
				GCC_WARN_64_TO_32_BIT_CONVERSION = YES;
				GCC_WARN_ABOUT_RETURN_TYPE = YES_ERROR;
				GCC_WARN_UNDECLARED_SELECTOR = YES;
				GCC_WARN_UNINITIALIZED_AUTOS = YES_AGGRESSIVE;
				GCC_WARN_UNUSED_FUNCTION = YES;
				GCC_WARN_UNUSED_VARIABLE = YES;
				INFOPLIST_FILE = "";
				IPHONEOS_DEPLOYMENT_TARGET = 17.0;
				LOCALIZATION_PREFERS_STRING_CATALOGS = YES;
				MTL_ENABLE_DEBUG_INFO = INCLUDE_SOURCE;
				MTL_FAST_MATH = YES;
				ONLY_ACTIVE_ARCH = YES;
				PRODUCT_NAME = WeChat;
				SDKROOT = iphoneos;
				SWIFT_ACTIVE_COMPILATION_CONDITIONS = "DEBUG $(inherited)";
				SWIFT_OPTIMIZATION_LEVEL = "-Onone";
			};
			name = Debug;
		};
		FA891F772BD1421900689424 /* Release */ = {
			isa = XCBuildConfiguration;
			buildSettings = {
				ALWAYS_SEARCH_USER_PATHS = NO;
				ASSETCATALOG_COMPILER_GENERATE_SWIFT_ASSET_SYMBOL_EXTENSIONS = YES;
				CLANG_ANALYZER_NONNULL = YES;
				CLANG_ANALYZER_NUMBER_OBJECT_CONVERSION = YES_AGGRESSIVE;
				CLANG_CXX_LANGUAGE_STANDARD = "gnu++20";
				CLANG_ENABLE_MODULES = YES;
				CLANG_ENABLE_OBJC_ARC = YES;
				CLANG_ENABLE_OBJC_WEAK = YES;
				CLANG_WARN_BLOCK_CAPTURE_AUTORELEASING = YES;
				CLANG_WARN_BOOL_CONVERSION = YES;
				CLANG_WARN_COMMA = YES;
				CLANG_WARN_CONSTANT_CONVERSION = YES;
				CLANG_WARN_DEPRECATED_OBJC_IMPLEMENTATIONS = YES;
				CLANG_WARN_DIRECT_OBJC_ISA_USAGE = YES_ERROR;
				CLANG_WARN_DOCUMENTATION_COMMENTS = YES;
				CLANG_WARN_EMPTY_BODY = YES;
				CLANG_WARN_ENUM_CONVERSION = YES;
				CLANG_WARN_INFINITE_RECURSION = YES;
				CLANG_WARN_INT_CONVERSION = YES;
				CLANG_WARN_NON_LITERAL_NULL_CONVERSION = YES;
				CLANG_WARN_OBJC_IMPLICIT_RETAIN_SELF = YES;
				CLANG_WARN_OBJC_LITERAL_CONVERSION = YES;
				CLANG_WARN_OBJC_ROOT_CLASS = YES_ERROR;
				CLANG_WARN_QUOTED_INCLUDE_IN_FRAMEWORK_HEADER = YES;
				CLANG_WARN_RANGE_LOOP_ANALYSIS = YES;
				CLANG_WARN_STRICT_PROTOTYPES = YES;
				CLANG_WARN_SUSPICIOUS_MOVE = YES;
				CLANG_WARN_UNGUARDED_AVAILABILITY = YES_AGGRESSIVE;
				CLANG_WARN_UNREACHABLE_CODE = YES;
				CLANG_WARN__DUPLICATE_METHOD_MATCH = YES;
				COPY_PHASE_STRIP = NO;
				DEBUG_INFORMATION_FORMAT = "dwarf-with-dsym";
				ENABLE_NS_ASSERTIONS = NO;
				ENABLE_STRICT_OBJC_MSGSEND = YES;
				ENABLE_USER_SCRIPT_SANDBOXING = YES;
				GCC_C_LANGUAGE_STANDARD = gnu17;
				GCC_NO_COMMON_BLOCKS = YES;
				GCC_WARN_64_TO_32_BIT_CONVERSION = YES;
				GCC_WARN_ABOUT_RETURN_TYPE = YES_ERROR;
				GCC_WARN_UNDECLARED_SELECTOR = YES;
				GCC_WARN_UNINITIALIZED_AUTOS = YES_AGGRESSIVE;
				GCC_WARN_UNUSED_FUNCTION = YES;
				GCC_WARN_UNUSED_VARIABLE = YES;
				INFOPLIST_FILE = "";
				IPHONEOS_DEPLOYMENT_TARGET = 17.0;
				LOCALIZATION_PREFERS_STRING_CATALOGS = YES;
				MTL_ENABLE_DEBUG_INFO = NO;
				MTL_FAST_MATH = YES;
				PRODUCT_NAME = WeChat;
				SDKROOT = iphoneos;
				SWIFT_COMPILATION_MODE = wholemodule;
				VALIDATE_PRODUCT = YES;
			};
			name = Release;
		};
		FA891F792BD1421900689424 /* Debug */ = {
			isa = XCBuildConfiguration;
			buildSettings = {
				ASSETCATALOG_COMPILER_APPICON_NAME = AppIcon;
				ASSETCATALOG_COMPILER_GLOBAL_ACCENT_COLOR_NAME = AccentColor;
				CODE_SIGN_STYLE = Manual;
				CURRENT_PROJECT_VERSION = 1;
				DEVELOPMENT_TEAM = "";
				GENERATE_INFOPLIST_FILE = YES;
				INFOPLIST_FILE = WeChat/Info.plist;
				INFOPLIST_KEY_UIApplicationSupportsIndirectInputEvents = YES;
				INFOPLIST_KEY_UILaunchStoryboardName = LaunchScreen;
				INFOPLIST_KEY_UIMainStoryboardFile = Main;
				INFOPLIST_KEY_UISupportedInterfaceOrientations_iPad = "UIInterfaceOrientationPortrait UIInterfaceOrientationPortraitUpsideDown UIInterfaceOrientationLandscapeLeft UIInterfaceOrientationLandscapeRight";
				INFOPLIST_KEY_UISupportedInterfaceOrientations_iPhone = "UIInterfaceOrientationPortrait UIInterfaceOrientationLandscapeLeft UIInterfaceOrientationLandscapeRight";
				IPHONEOS_DEPLOYMENT_TARGET = 17.0;
				LD_RUNPATH_SEARCH_PATHS = (
					"$(inherited)",
					"@executable_path/Frameworks",
				);
				MARKETING_VERSION = 1.0;
				PRODUCT_BUNDLE_IDENTIFIER = com.ourchatapp.wechat;
				PRODUCT_NAME = "$(TARGET_NAME)";
				PROVISIONING_PROFILE_SPECIFIER = "";
				SWIFT_EMIT_LOC_STRINGS = YES;
				SWIFT_VERSION = 5.0;
				TARGETED_DEVICE_FAMILY = "1,2";
			};
			name = Debug;
		};
		FA891F7A2BD1421900689424 /* Release */ = {
			isa = XCBuildConfiguration;
			buildSettings = {
				ASSETCATALOG_COMPILER_APPICON_NAME = AppIcon;
				ASSETCATALOG_COMPILER_GLOBAL_ACCENT_COLOR_NAME = AccentColor;
				CODE_SIGN_STYLE = Manual;
				CURRENT_PROJECT_VERSION = 1;
				DEVELOPMENT_TEAM = "";
				GENERATE_INFOPLIST_FILE = YES;
				INFOPLIST_FILE = WeChat/Info.plist;
				INFOPLIST_KEY_UIApplicationSupportsIndirectInputEvents = YES;
				INFOPLIST_KEY_UILaunchStoryboardName = LaunchScreen;
				INFOPLIST_KEY_UIMainStoryboardFile = Main;
				INFOPLIST_KEY_UISupportedInterfaceOrientations_iPad = "UIInterfaceOrientationPortrait UIInterfaceOrientationPortraitUpsideDown UIInterfaceOrientationLandscapeLeft UIInterfaceOrientationLandscapeRight";
				INFOPLIST_KEY_UISupportedInterfaceOrientations_iPhone = "UIInterfaceOrientationPortrait UIInterfaceOrientationLandscapeLeft UIInterfaceOrientationLandscapeRight";
				IPHONEOS_DEPLOYMENT_TARGET = 17.0;
				LD_RUNPATH_SEARCH_PATHS = (
					"$(inherited)",
					"@executable_path/Frameworks",
				);
				MARKETING_VERSION = 1.0;
				PRODUCT_BUNDLE_IDENTIFIER = com.ourchatapp.wechat;
				PRODUCT_NAME = "$(TARGET_NAME)";
				PROVISIONING_PROFILE_SPECIFIER = "";
				SWIFT_EMIT_LOC_STRINGS = YES;
				SWIFT_VERSION = 5.0;
				TARGETED_DEVICE_FAMILY = "1,2";
			};
			name = Release;
		};
/* End XCBuildConfiguration section */

/* Begin XCConfigurationList section */
		FA891F5F2BD1421700689424 /* Build configuration list for PBXProject "WeChat" */ = {
			isa = XCConfigurationList;
			buildConfigurations = (
				FA891F762BD1421900689424 /* Debug */,
				FA891F772BD1421900689424 /* Release */,
			);
			defaultConfigurationIsVisible = 0;
			defaultConfigurationName = Release;
		};
		FA891F782BD1421900689424 /* Build configuration list for PBXNativeTarget "WeChat" */ = {
			isa = XCConfigurationList;
			buildConfigurations = (
				FA891F792BD1421900689424 /* Debug */,
				FA891F7A2BD1421900689424 /* Release */,
			);
			defaultConfigurationIsVisible = 0;
			defaultConfigurationName = Release;
		};
/* End XCConfigurationList section */
	};
	rootObject = FA891F5C2BD1421700689424 /* Project object */;
}
